{
    "_meta": {
        "hash": {
            "sha256": "e63a56f7dd0391883860e71aff5713870af4dc04dc31f503fd086fd6ea8365c4"
        },
        "pipfile-spec": 6,
        "requires": {
            "python_version": "3.10"
        },
        "sources": [
            {
                "name": "pypi",
                "url": "https://pypi.org/simple",
                "verify_ssl": true
            }
        ]
    },
    "default": {
        "boto3": {
            "hashes": [
                "sha256:18a108c4d5df89a200b3949de0d39c0879b100c455e3229ea38275dd392db0f4",
                "sha256:d060b0d83d2832e403671b9a895e73c3b025df8bb5896d89e401b0678705aac4"
            ],
            "index": "pypi",
            "markers": "python_version >= '3.9'",
            "version": "==1.42.70"
        },
        "botocore": {
            "hashes": [
                "sha256:54ed9d25f05f810efd22b0dfda0bb9178df3ad8952b2e4359e05156c9321bd3c",
                "sha256:9ee17553b7febd1a0c1253b3b62ab5d79607eb6163c8fb943470a8893c31d4fa"
            ],
            "markers": "python_version >= '3.9'",
            "version": "==1.42.70"
        },
        "jaraco.context": {
            "hashes": [
                "sha256:0df6a0287258f3e364072c3e40d5411b20cafa30cb28c4839d24319cecf9f808",
                "sha256:bc046b2dc94f1e5532bd02402684414575cc11f565d929b6563125deb0a6e581"
            ],
            "markers": "python_version >= '3.9'",
            "version": "==6.1.1"
        },
        "jmespath": {
            "hashes": [
                "sha256:472c87d80f36026ae83c6ddd0f1d05d4e510134ed462851fd5f754c8c3cbb88d",
                "sha256:a5663118de4908c91729bea0acadca56526eb2698e83de10cd116ae0f4e97c64"
            ],
            "markers": "python_version >= '3.9'",
            "version": "==1.1.0"
        },
        "packaging": {
            "hashes": [
                "sha256:00243ae351a257117b6a241061796684b084ed1c516a08c48a3f7e147a9d80b4",
                "sha256:b36f1fef9334a5588b4166f8bcd26a14e521f2b55e6b9de3aaa80d3ff7a37529"
            ],
            "markers": "python_version >= '3.8'",
            "version": "==26.0"
        },
        "pip": {
            "hashes": [
                "sha256:bdb1b08f4274833d62c1aa29e20907365a2ceb950410df15fc9521bad440122b",
                "sha256:c4037d8a277c89b320abe636d59f91e6d0922d08a05b60e85e53b296613346d8"
            ],
            "index": "pypi",
            "markers": "python_version >= '3.9'",
            "version": "==26.0.1"
        },
        "python-dateutil": {
            "hashes": [
                "sha256:37dd54208da7e1cd875388217d5e00ebd4179249f90fb72437e91a35459a0ad3",
                "sha256:a8b2bc7bffae282281c8140a97d3aa9c14da0b136dfe83f850eea9a5f7470427"
            ],
            "markers": "python_version >= '2.7' and python_version not in '3.0, 3.1, 3.2'",
            "version": "==2.9.0.post0"
        },
        "s3transfer": {
            "hashes": [
                "sha256:18e25d66fed509e3868dc1572b3f427ff947dd2c56f844a5bf09481ad3f3b2fe",
                "sha256:8e990f13268025792229cd52fa10cb7163744bf56e719e0b9cb925ab79abf920"
            ],
            "markers": "python_version >= '3.9'",
            "version": "==0.16.0"
        },
        "setuptools": {
            "hashes": [
                "sha256:7d872682c5d01cfde07da7bccc7b65469d3dca203318515ada1de5eda35efbf9",
                "sha256:a59e362652f08dcd477c78bb6e7bd9d80a7995bc73ce773050228a348ce2e5bb"
            ],
            "index": "pypi",
            "markers": "python_version >= '3.9'",
            "version": "==82.0.1"
        },
        "six": {
            "hashes": [
                "sha256:4721f391ed90541fddacab5acf947aa0d3dc7d27b2e1e8eda2be8970586c3274",
                "sha256:ff70335d468e7eb6ec65b95b99d3a2836546063f63acc5171de367e834932a81"
            ],
            "markers": "python_version >= '2.7' and python_version not in '3.0, 3.1, 3.2'",
            "version": "==1.17.0"
        },
        "slack-sdk": {
            "hashes": [
                "sha256:bb18dcdfff1413ec448e759cf807ec3324090993d8ab9111c74081623b692a89",
                "sha256:eb61eb12a65bebeca9cb5d36b3f799e836ed2be21b456d15df2627cfe34076ca"
            ],
            "index": "pypi",
            "markers": "python_version >= '3.7'",
            "version": "==3.41.0"
        },
        "src": {
            "editable": true,
            "path": "./src"
        },
        "urllib3": {
            "hashes": [
                "sha256:1b62b6884944a57dbe321509ab94fd4d3b307075e0c2eae991ac71ee15ad38ed",
                "sha256:bf272323e553dfb2e87d9bfd225ca7b0f467b919d7bbd355436d3fd37cb0acd4"
            ],
            "markers": "python_version >= '3.9'",
            "version": "==2.6.3"
        },
        "wheel": {
            "hashes": [
                "sha256:4b399d56c9d9338230118d705d9737a2a468ccca63d5e813e2a4fc7815d8bc4d",
                "sha256:e3e79874b07d776c40bd6033f8ddf76a7dad46a7b8aa1b2787a83083519a1803"
            ],
            "index": "pypi",
            "markers": "python_version >= '3.9'",
            "version": "==0.46.3"
        }
    },
    "develop": {}
}
